
Microsoft Visual Studio Solution File, Format Version 12.00
# Visual Studio 15
VisualStudioVersion = 15.0.28307.1259
MinimumVisualStudioVersion = 10.0.40219.1
Project("{8BC9CEB8-8B4A-11D0-8D11-00A0C91BC942}") = "Functions", "Functions\Functions.vcxproj", "{02135B75-F2B6-41DC-860E-EBE0927E437C}"
EndProject
Project("{8BC9CEB8-8B4A-11D0-8D11-00A0C91BC942}") = "Arrays", "Arrays\Arrays.vcxproj", "{C34357F3-7A19-4199-8E0E-FA017AA42C4E}"
EndProject
Project("{8BC9CEB8-8B4A-11D0-8D11-00A0C91BC942}") = "HomeWork", "HomeWork\HomeWork.vcxproj", "{CA77C061-2025-4E43-BC70-A166D550A11A}"
EndProject
Global
	GlobalSection(SolutionConfigurationPlatforms) = preSolution
		Debug|x64 = Debug|x64
		Debug|x86 = Debug|x86
		Release|x64 = Release|x64
		Release|x86 = Release|x86
	EndGlobalSection
	GlobalSection(ProjectConfigurationPlatforms) = postSolution
		{02135B75-F2B6-41DC-860E-EBE0927E437C}.Debug|x64.ActiveCfg = Debug|x64
		{02135B75-F2B6-41DC-860E-EBE0927E437C}.Debug|x64.Build.0 = Debug|x64
		{02135B75-F2B6-41DC-860E-EBE0927E437C}.Debug|x86.ActiveCfg = Debug|Win32
		{02135B75-F2B6-41DC-860E-EBE0927E437C}.Debug|x86.Build.0 = Debug|Win32
		{02135B75-F2B6-41DC-860E-EBE0927E437C}.Release|x64.ActiveCfg = Release|x64
		{02135B75-F2B6-41DC-860E-EBE0927E437C}.Release|x64.Build.0 = Release|x64
		{02135B75-F2B6-41DC-860E-EBE0927E437C}.Release|x86.ActiveCfg = Release|Win32
		{02135B75-F2B6-41DC-860E-EBE0927E437C}.Release|x86.Build.0 = Release|Win32
		{C34357F3-7A19-4199-8E0E-FA017AA42C4E}.Debug|x64.ActiveCfg = Debug|x64
		{C34357F3-7A19-4199-8E0E-FA017AA42C4E}.Debug|x64.Build.0 = Debug|x64
		{C34357F3-7A19-4199-8E0E-FA017AA42C4E}.Debug|x86.ActiveCfg = Debug|Win32
		{C34357F3-7A19-4199-8E0E-FA017AA42C4E}.Debug|x86.Build.0 = Debug|Win32
		{C34357F3-7A19-4199-8E0E-FA017AA42C4E}.Release|x64.ActiveCfg = Release|x64
		{C34357F3-7A19-4199-8E0E-FA017AA42C4E}.Release|x64.Build.0 = Release|x64
		{C34357F3-7A19-4199-8E0E-FA017AA42C4E}.Release|x86.ActiveCfg = Release|Win32
		{C34357F3-7A19-4199-8E0E-FA017AA42C4E}.Release|x86.Build.0 = Release|Win32
		{CA77C061-2025-4E43-BC70-A166D550A11A}.Debug|x64.ActiveCfg = Debug|x64
		{CA77C061-2025-4E43-BC70-A166D550A11A}.Debug|x64.Build.0 = Debug|x64
		{CA77C061-2025-4E43-BC70-A166D550A11A}.Debug|x86.ActiveCfg = Debug|Win32
		{CA77C061-2025-4E43-BC70-A166D550A11A}.Debug|x86.Build.0 = Debug|Win32
		{CA77C061-2025-4E43-BC70-A166D550A11A}.Release|x64.ActiveCfg = Release|x64
		{CA77C061-2025-4E43-BC70-A166D550A11A}.Release|x64.Build.0 = Release|x64
		{CA77C061-2025-4E43-BC70-A166D550A11A}.Release|x86.ActiveCfg = Release|Win32
		{CA77C061-2025-4E43-BC70-A166D550A11A}.Release|x86.Build.0 = Release|Win32
	EndGlobalSection
	GlobalSection(SolutionProperties) = preSolution
		HideSolutionNode = FALSE
	EndGlobalSection
	GlobalSection(ExtensibilityGlobals) = postSolution
		SolutionGuid = {3257E8B7-F17F-40E1-BD02-C64E25A2FA1F}
	EndGlobalSection
EndGlobal
