
Microsoft Visual Studio Solution File, Format Version 12.00
# Visual Studio 15
VisualStudioVersion = 15.0.28307.1082
MinimumVisualStudioVersion = 10.0.40219.1
Project("{8BC9CEB8-8B4A-11D0-8D11-00A0C91BC942}") = "Pointers", "Pointers\Pointers.vcxproj", "{EA8848DE-27E4-4E58-BF10-CF22BA540305}"
EndProject
Project("{8BC9CEB8-8B4A-11D0-8D11-00A0C91BC942}") = "TranferParameters", "TranferParameters\TranferParameters.vcxproj", "{FAB92AD8-ED07-4059-807E-90250165E648}"
EndProject
Global
	GlobalSection(SolutionConfigurationPlatforms) = preSolution
		Debug|x64 = Debug|x64
		Debug|x86 = Debug|x86
		Release|x64 = Release|x64
		Release|x86 = Release|x86
	EndGlobalSection
	GlobalSection(ProjectConfigurationPlatforms) = postSolution
		{EA8848DE-27E4-4E58-BF10-CF22BA540305}.Debug|x64.ActiveCfg = Debug|x64
		{EA8848DE-27E4-4E58-BF10-CF22BA540305}.Debug|x64.Build.0 = Debug|x64
		{EA8848DE-27E4-4E58-BF10-CF22BA540305}.Debug|x86.ActiveCfg = Debug|Win32
		{EA8848DE-27E4-4E58-BF10-CF22BA540305}.Debug|x86.Build.0 = Debug|Win32
		{EA8848DE-27E4-4E58-BF10-CF22BA540305}.Release|x64.ActiveCfg = Release|x64
		{EA8848DE-27E4-4E58-BF10-CF22BA540305}.Release|x64.Build.0 = Release|x64
		{EA8848DE-27E4-4E58-BF10-CF22BA540305}.Release|x86.ActiveCfg = Release|Win32
		{EA8848DE-27E4-4E58-BF10-CF22BA540305}.Release|x86.Build.0 = Release|Win32
		{FAB92AD8-ED07-4059-807E-90250165E648}.Debug|x64.ActiveCfg = Debug|x64
		{FAB92AD8-ED07-4059-807E-90250165E648}.Debug|x64.Build.0 = Debug|x64
		{FAB92AD8-ED07-4059-807E-90250165E648}.Debug|x86.ActiveCfg = Debug|Win32
		{FAB92AD8-ED07-4059-807E-90250165E648}.Debug|x86.Build.0 = Debug|Win32
		{FAB92AD8-ED07-4059-807E-90250165E648}.Release|x64.ActiveCfg = Release|x64
		{FAB92AD8-ED07-4059-807E-90250165E648}.Release|x64.Build.0 = Release|x64
		{FAB92AD8-ED07-4059-807E-90250165E648}.Release|x86.ActiveCfg = Release|Win32
		{FAB92AD8-ED07-4059-807E-90250165E648}.Release|x86.Build.0 = Release|Win32
	EndGlobalSection
	GlobalSection(SolutionProperties) = preSolution
		HideSolutionNode = FALSE
	EndGlobalSection
	GlobalSection(ExtensibilityGlobals) = postSolution
		SolutionGuid = {F84AB498-82C8-4420-9A2F-1E3169BCFDAB}
	EndGlobalSection
EndGlobal
