
Microsoft Visual Studio Solution File, Format Version 12.00
# Visual Studio 15
VisualStudioVersion = 15.0.28307.1259
MinimumVisualStudioVersion = 10.0.40219.1
Project("{8BC9CEB8-8B4A-11D0-8D11-00A0C91BC942}") = "Arrays", "Arrays\Arrays.vcxproj", "{2A777C50-8451-496E-9C84-778E0DC43717}"
EndProject
Project("{8BC9CEB8-8B4A-11D0-8D11-00A0C91BC942}") = "HomeWork", "HomeWork\HomeWork.vcxproj", "{326A54A2-D251-4AAA-87EF-C1D55F5025EE}"
EndProject
Project("{8BC9CEB8-8B4A-11D0-8D11-00A0C91BC942}") = "Shift", "Shift\Shift.vcxproj", "{61B7BD6A-3022-4289-A874-D5A8B0408197}"
EndProject
Project("{8BC9CEB8-8B4A-11D0-8D11-00A0C91BC942}") = "WinApplication", "WinApplication\WinApplication.vcxproj", "{2E0B8511-D0AF-486A-99ED-5ECAC76447BA}"
EndProject
Project("{8BC9CEB8-8B4A-11D0-8D11-00A0C91BC942}") = "Random", "Random\Random.vcxproj", "{C24976F8-C71D-4453-9F2E-2E81FB387102}"
EndProject
Project("{8BC9CEB8-8B4A-11D0-8D11-00A0C91BC942}") = "Unique", "Unique\Unique.vcxproj", "{FA354B0D-5DEA-499E-9ABB-90FE78C7032B}"
EndProject
Project("{8BC9CEB8-8B4A-11D0-8D11-00A0C91BC942}") = "Numeric", "Numeric\Numeric.vcxproj", "{FC45FE57-5CE1-4E49-9705-99C9CF29164D}"
EndProject
Global
	GlobalSection(SolutionConfigurationPlatforms) = preSolution
		Debug|x64 = Debug|x64
		Debug|x86 = Debug|x86
		Release|x64 = Release|x64
		Release|x86 = Release|x86
	EndGlobalSection
	GlobalSection(ProjectConfigurationPlatforms) = postSolution
		{2A777C50-8451-496E-9C84-778E0DC43717}.Debug|x64.ActiveCfg = Debug|x64
		{2A777C50-8451-496E-9C84-778E0DC43717}.Debug|x64.Build.0 = Debug|x64
		{2A777C50-8451-496E-9C84-778E0DC43717}.Debug|x86.ActiveCfg = Debug|Win32
		{2A777C50-8451-496E-9C84-778E0DC43717}.Debug|x86.Build.0 = Debug|Win32
		{2A777C50-8451-496E-9C84-778E0DC43717}.Release|x64.ActiveCfg = Release|x64
		{2A777C50-8451-496E-9C84-778E0DC43717}.Release|x64.Build.0 = Release|x64
		{2A777C50-8451-496E-9C84-778E0DC43717}.Release|x86.ActiveCfg = Release|Win32
		{2A777C50-8451-496E-9C84-778E0DC43717}.Release|x86.Build.0 = Release|Win32
		{326A54A2-D251-4AAA-87EF-C1D55F5025EE}.Debug|x64.ActiveCfg = Debug|x64
		{326A54A2-D251-4AAA-87EF-C1D55F5025EE}.Debug|x64.Build.0 = Debug|x64
		{326A54A2-D251-4AAA-87EF-C1D55F5025EE}.Debug|x86.ActiveCfg = Debug|Win32
		{326A54A2-D251-4AAA-87EF-C1D55F5025EE}.Debug|x86.Build.0 = Debug|Win32
		{326A54A2-D251-4AAA-87EF-C1D55F5025EE}.Release|x64.ActiveCfg = Release|x64
		{326A54A2-D251-4AAA-87EF-C1D55F5025EE}.Release|x64.Build.0 = Release|x64
		{326A54A2-D251-4AAA-87EF-C1D55F5025EE}.Release|x86.ActiveCfg = Release|Win32
		{326A54A2-D251-4AAA-87EF-C1D55F5025EE}.Release|x86.Build.0 = Release|Win32
		{61B7BD6A-3022-4289-A874-D5A8B0408197}.Debug|x64.ActiveCfg = Debug|x64
		{61B7BD6A-3022-4289-A874-D5A8B0408197}.Debug|x64.Build.0 = Debug|x64
		{61B7BD6A-3022-4289-A874-D5A8B0408197}.Debug|x86.ActiveCfg = Debug|Win32
		{61B7BD6A-3022-4289-A874-D5A8B0408197}.Debug|x86.Build.0 = Debug|Win32
		{61B7BD6A-3022-4289-A874-D5A8B0408197}.Release|x64.ActiveCfg = Release|x64
		{61B7BD6A-3022-4289-A874-D5A8B0408197}.Release|x64.Build.0 = Release|x64
		{61B7BD6A-3022-4289-A874-D5A8B0408197}.Release|x86.ActiveCfg = Release|Win32
		{61B7BD6A-3022-4289-A874-D5A8B0408197}.Release|x86.Build.0 = Release|Win32
		{2E0B8511-D0AF-486A-99ED-5ECAC76447BA}.Debug|x64.ActiveCfg = Debug|x64
		{2E0B8511-D0AF-486A-99ED-5ECAC76447BA}.Debug|x64.Build.0 = Debug|x64
		{2E0B8511-D0AF-486A-99ED-5ECAC76447BA}.Debug|x86.ActiveCfg = Debug|Win32
		{2E0B8511-D0AF-486A-99ED-5ECAC76447BA}.Debug|x86.Build.0 = Debug|Win32
		{2E0B8511-D0AF-486A-99ED-5ECAC76447BA}.Release|x64.ActiveCfg = Release|x64
		{2E0B8511-D0AF-486A-99ED-5ECAC76447BA}.Release|x64.Build.0 = Release|x64
		{2E0B8511-D0AF-486A-99ED-5ECAC76447BA}.Release|x86.ActiveCfg = Release|Win32
		{2E0B8511-D0AF-486A-99ED-5ECAC76447BA}.Release|x86.Build.0 = Release|Win32
		{C24976F8-C71D-4453-9F2E-2E81FB387102}.Debug|x64.ActiveCfg = Debug|x64
		{C24976F8-C71D-4453-9F2E-2E81FB387102}.Debug|x64.Build.0 = Debug|x64
		{C24976F8-C71D-4453-9F2E-2E81FB387102}.Debug|x86.ActiveCfg = Debug|Win32
		{C24976F8-C71D-4453-9F2E-2E81FB387102}.Debug|x86.Build.0 = Debug|Win32
		{C24976F8-C71D-4453-9F2E-2E81FB387102}.Release|x64.ActiveCfg = Release|x64
		{C24976F8-C71D-4453-9F2E-2E81FB387102}.Release|x64.Build.0 = Release|x64
		{C24976F8-C71D-4453-9F2E-2E81FB387102}.Release|x86.ActiveCfg = Release|Win32
		{C24976F8-C71D-4453-9F2E-2E81FB387102}.Release|x86.Build.0 = Release|Win32
		{FA354B0D-5DEA-499E-9ABB-90FE78C7032B}.Debug|x64.ActiveCfg = Debug|x64
		{FA354B0D-5DEA-499E-9ABB-90FE78C7032B}.Debug|x64.Build.0 = Debug|x64
		{FA354B0D-5DEA-499E-9ABB-90FE78C7032B}.Debug|x86.ActiveCfg = Debug|Win32
		{FA354B0D-5DEA-499E-9ABB-90FE78C7032B}.Debug|x86.Build.0 = Debug|Win32
		{FA354B0D-5DEA-499E-9ABB-90FE78C7032B}.Release|x64.ActiveCfg = Release|x64
		{FA354B0D-5DEA-499E-9ABB-90FE78C7032B}.Release|x64.Build.0 = Release|x64
		{FA354B0D-5DEA-499E-9ABB-90FE78C7032B}.Release|x86.ActiveCfg = Release|Win32
		{FA354B0D-5DEA-499E-9ABB-90FE78C7032B}.Release|x86.Build.0 = Release|Win32
		{FC45FE57-5CE1-4E49-9705-99C9CF29164D}.Debug|x64.ActiveCfg = Debug|x64
		{FC45FE57-5CE1-4E49-9705-99C9CF29164D}.Debug|x64.Build.0 = Debug|x64
		{FC45FE57-5CE1-4E49-9705-99C9CF29164D}.Debug|x86.ActiveCfg = Debug|Win32
		{FC45FE57-5CE1-4E49-9705-99C9CF29164D}.Debug|x86.Build.0 = Debug|Win32
		{FC45FE57-5CE1-4E49-9705-99C9CF29164D}.Release|x64.ActiveCfg = Release|x64
		{FC45FE57-5CE1-4E49-9705-99C9CF29164D}.Release|x64.Build.0 = Release|x64
		{FC45FE57-5CE1-4E49-9705-99C9CF29164D}.Release|x86.ActiveCfg = Release|Win32
		{FC45FE57-5CE1-4E49-9705-99C9CF29164D}.Release|x86.Build.0 = Release|Win32
	EndGlobalSection
	GlobalSection(SolutionProperties) = preSolution
		HideSolutionNode = FALSE
	EndGlobalSection
	GlobalSection(ExtensibilityGlobals) = postSolution
		SolutionGuid = {69EFF0A7-041B-4E40-A014-4F8EA4655715}
	EndGlobalSection
EndGlobal
