
Microsoft Visual Studio Solution File, Format Version 12.00
# Visual Studio Version 16
VisualStudioVersion = 16.0.30503.244
MinimumVisualStudioVersion = 10.0.40219.1
Project("{8BC9CEB8-8B4A-11D0-8D11-00A0C91BC942}") = "ControlStructures", "ControlStructures\ControlStructures.vcxproj", "{CB0C8743-678E-429E-8923-437633BF4FEA}"
EndProject
Project("{8BC9CEB8-8B4A-11D0-8D11-00A0C91BC942}") = "HomeWork", "HomeWork\HomeWork.vcxproj", "{7B718F86-BB1A-4FB9-903B-31B028F0E5C5}"
EndProject
Project("{8BC9CEB8-8B4A-11D0-8D11-00A0C91BC942}") = "Loops", "Loops\Loops.vcxproj", "{EA0D6876-917B-4D72-B9B9-A9077EA3B43D}"
EndProject
Project("{8BC9CEB8-8B4A-11D0-8D11-00A0C91BC942}") = "FOR_LOOP", "FOR_LOOP\FOR_LOOP.vcxproj", "{7602B1B6-99C2-4678-9181-9E08E131D437}"
EndProject
Project("{8BC9CEB8-8B4A-11D0-8D11-00A0C91BC942}") = "NestedFor", "NestedFor\NestedFor.vcxproj", "{6A4481D1-E4A6-46CE-A0BD-B10652529987}"
EndProject
Project("{8BC9CEB8-8B4A-11D0-8D11-00A0C91BC942}") = "Geometria", "Geometria\Geometria.vcxproj", "{F5293CC8-2A62-404F-8622-3E1392AD6CA2}"
EndProject
Global
	GlobalSection(SolutionConfigurationPlatforms) = preSolution
		Debug|x64 = Debug|x64
		Debug|x86 = Debug|x86
		Release|x64 = Release|x64
		Release|x86 = Release|x86
	EndGlobalSection
	GlobalSection(ProjectConfigurationPlatforms) = postSolution
		{CB0C8743-678E-429E-8923-437633BF4FEA}.Debug|x64.ActiveCfg = Debug|x64
		{CB0C8743-678E-429E-8923-437633BF4FEA}.Debug|x64.Build.0 = Debug|x64
		{CB0C8743-678E-429E-8923-437633BF4FEA}.Debug|x86.ActiveCfg = Debug|Win32
		{CB0C8743-678E-429E-8923-437633BF4FEA}.Debug|x86.Build.0 = Debug|Win32
		{CB0C8743-678E-429E-8923-437633BF4FEA}.Release|x64.ActiveCfg = Release|x64
		{CB0C8743-678E-429E-8923-437633BF4FEA}.Release|x64.Build.0 = Release|x64
		{CB0C8743-678E-429E-8923-437633BF4FEA}.Release|x86.ActiveCfg = Release|Win32
		{CB0C8743-678E-429E-8923-437633BF4FEA}.Release|x86.Build.0 = Release|Win32
		{7B718F86-BB1A-4FB9-903B-31B028F0E5C5}.Debug|x64.ActiveCfg = Debug|x64
		{7B718F86-BB1A-4FB9-903B-31B028F0E5C5}.Debug|x64.Build.0 = Debug|x64
		{7B718F86-BB1A-4FB9-903B-31B028F0E5C5}.Debug|x86.ActiveCfg = Debug|Win32
		{7B718F86-BB1A-4FB9-903B-31B028F0E5C5}.Debug|x86.Build.0 = Debug|Win32
		{7B718F86-BB1A-4FB9-903B-31B028F0E5C5}.Release|x64.ActiveCfg = Release|x64
		{7B718F86-BB1A-4FB9-903B-31B028F0E5C5}.Release|x64.Build.0 = Release|x64
		{7B718F86-BB1A-4FB9-903B-31B028F0E5C5}.Release|x86.ActiveCfg = Release|Win32
		{7B718F86-BB1A-4FB9-903B-31B028F0E5C5}.Release|x86.Build.0 = Release|Win32
		{EA0D6876-917B-4D72-B9B9-A9077EA3B43D}.Debug|x64.ActiveCfg = Debug|x64
		{EA0D6876-917B-4D72-B9B9-A9077EA3B43D}.Debug|x64.Build.0 = Debug|x64
		{EA0D6876-917B-4D72-B9B9-A9077EA3B43D}.Debug|x86.ActiveCfg = Debug|Win32
		{EA0D6876-917B-4D72-B9B9-A9077EA3B43D}.Debug|x86.Build.0 = Debug|Win32
		{EA0D6876-917B-4D72-B9B9-A9077EA3B43D}.Release|x64.ActiveCfg = Release|x64
		{EA0D6876-917B-4D72-B9B9-A9077EA3B43D}.Release|x64.Build.0 = Release|x64
		{EA0D6876-917B-4D72-B9B9-A9077EA3B43D}.Release|x86.ActiveCfg = Release|Win32
		{EA0D6876-917B-4D72-B9B9-A9077EA3B43D}.Release|x86.Build.0 = Release|Win32
		{7602B1B6-99C2-4678-9181-9E08E131D437}.Debug|x64.ActiveCfg = Debug|x64
		{7602B1B6-99C2-4678-9181-9E08E131D437}.Debug|x64.Build.0 = Debug|x64
		{7602B1B6-99C2-4678-9181-9E08E131D437}.Debug|x86.ActiveCfg = Debug|Win32
		{7602B1B6-99C2-4678-9181-9E08E131D437}.Debug|x86.Build.0 = Debug|Win32
		{7602B1B6-99C2-4678-9181-9E08E131D437}.Release|x64.ActiveCfg = Release|x64
		{7602B1B6-99C2-4678-9181-9E08E131D437}.Release|x64.Build.0 = Release|x64
		{7602B1B6-99C2-4678-9181-9E08E131D437}.Release|x86.ActiveCfg = Release|Win32
		{7602B1B6-99C2-4678-9181-9E08E131D437}.Release|x86.Build.0 = Release|Win32
		{6A4481D1-E4A6-46CE-A0BD-B10652529987}.Debug|x64.ActiveCfg = Debug|x64
		{6A4481D1-E4A6-46CE-A0BD-B10652529987}.Debug|x64.Build.0 = Debug|x64
		{6A4481D1-E4A6-46CE-A0BD-B10652529987}.Debug|x86.ActiveCfg = Debug|Win32
		{6A4481D1-E4A6-46CE-A0BD-B10652529987}.Debug|x86.Build.0 = Debug|Win32
		{6A4481D1-E4A6-46CE-A0BD-B10652529987}.Release|x64.ActiveCfg = Release|x64
		{6A4481D1-E4A6-46CE-A0BD-B10652529987}.Release|x64.Build.0 = Release|x64
		{6A4481D1-E4A6-46CE-A0BD-B10652529987}.Release|x86.ActiveCfg = Release|Win32
		{6A4481D1-E4A6-46CE-A0BD-B10652529987}.Release|x86.Build.0 = Release|Win32
		{F5293CC8-2A62-404F-8622-3E1392AD6CA2}.Debug|x64.ActiveCfg = Debug|x64
		{F5293CC8-2A62-404F-8622-3E1392AD6CA2}.Debug|x64.Build.0 = Debug|x64
		{F5293CC8-2A62-404F-8622-3E1392AD6CA2}.Debug|x86.ActiveCfg = Debug|Win32
		{F5293CC8-2A62-404F-8622-3E1392AD6CA2}.Debug|x86.Build.0 = Debug|Win32
		{F5293CC8-2A62-404F-8622-3E1392AD6CA2}.Release|x64.ActiveCfg = Release|x64
		{F5293CC8-2A62-404F-8622-3E1392AD6CA2}.Release|x64.Build.0 = Release|x64
		{F5293CC8-2A62-404F-8622-3E1392AD6CA2}.Release|x86.ActiveCfg = Release|Win32
		{F5293CC8-2A62-404F-8622-3E1392AD6CA2}.Release|x86.Build.0 = Release|Win32
	EndGlobalSection
	GlobalSection(SolutionProperties) = preSolution
		HideSolutionNode = FALSE
	EndGlobalSection
	GlobalSection(ExtensibilityGlobals) = postSolution
		SolutionGuid = {5F0481AE-8E14-4A64-9B32-7A5E545B1124}
	EndGlobalSection
EndGlobal
